
Microsoft Visual Studio Solution File, Format Version 12.00
# Visual Studio 15
VisualStudioVersion = 15.0.28307.421
MinimumVisualStudioVersion = 10.0.40219.1
Project("{9A19103F-16F7-4668-BE54-9A1E7A4F7556}") = "Faculty.Data", "Faculty.Data\Faculty.Data.csproj", "{CFC588AB-4ACE-46B3-8652-1CE6568CE9E3}"
EndProject
Project("{9A19103F-16F7-4668-BE54-9A1E7A4F7556}") = "Faculty.Services", "Faculty.Services\Faculty.Services.csproj", "{EE5A42BD-7FD7-4716-907A-35CAC9550FDB}"
EndProject
Project("{9A19103F-16F7-4668-BE54-9A1E7A4F7556}") = "WebUI", "Faculty.WebUI\WebUI.csproj", "{34F5F286-2476-4FBD-96C5-A88E8CA8AC54}"
EndProject
Global
	GlobalSection(SolutionConfigurationPlatforms) = preSolution
		Debug|Any CPU = Debug|Any CPU
		Release|Any CPU = Release|Any CPU
	EndGlobalSection
	GlobalSection(ProjectConfigurationPlatforms) = postSolution
		{CFC588AB-4ACE-46B3-8652-1CE6568CE9E3}.Debug|Any CPU.ActiveCfg = Debug|Any CPU
		{CFC588AB-4ACE-46B3-8652-1CE6568CE9E3}.Debug|Any CPU.Build.0 = Debug|Any CPU
		{CFC588AB-4ACE-46B3-8652-1CE6568CE9E3}.Release|Any CPU.ActiveCfg = Release|Any CPU
		{CFC588AB-4ACE-46B3-8652-1CE6568CE9E3}.Release|Any CPU.Build.0 = Release|Any CPU
		{EE5A42BD-7FD7-4716-907A-35CAC9550FDB}.Debug|Any CPU.ActiveCfg = Debug|Any CPU
		{EE5A42BD-7FD7-4716-907A-35CAC9550FDB}.Debug|Any CPU.Build.0 = Debug|Any CPU
		{EE5A42BD-7FD7-4716-907A-35CAC9550FDB}.Release|Any CPU.ActiveCfg = Release|Any CPU
		{EE5A42BD-7FD7-4716-907A-35CAC9550FDB}.Release|Any CPU.Build.0 = Release|Any CPU
		{34F5F286-2476-4FBD-96C5-A88E8CA8AC54}.Debug|Any CPU.ActiveCfg = Debug|Any CPU
		{34F5F286-2476-4FBD-96C5-A88E8CA8AC54}.Debug|Any CPU.Build.0 = Debug|Any CPU
		{34F5F286-2476-4FBD-96C5-A88E8CA8AC54}.Release|Any CPU.ActiveCfg = Release|Any CPU
		{34F5F286-2476-4FBD-96C5-A88E8CA8AC54}.Release|Any CPU.Build.0 = Release|Any CPU
	EndGlobalSection
	GlobalSection(SolutionProperties) = preSolution
		HideSolutionNode = FALSE
	EndGlobalSection
	GlobalSection(ExtensibilityGlobals) = postSolution
		SolutionGuid = {1097C417-A90A-4032-A22F-1739CCB8C153}
	EndGlobalSection
EndGlobal
